// !$*UTF8*$!
{
	archiveVersion = 1;
	classes = {
	};
	objectVersion = 46;
	objects = {

/* Begin PBXBuildFile section */
		1B47B3DB1E8CB66C0002927D /* LJLogger.mm in Sources */ = {isa = PBXBuildFile; fileRef = 1B47B3D81E8CB66C0002927D /* LJLogger.mm */; };
		1B47B3DD1E8CB8840002927D /* Log.framework in Frameworks */ = {isa = PBXBuildFile; fileRef = 1B47B3DC1E8CB8840002927D /* Log.framework */; };
		1B47B3E01E8CB8A80002927D /* libz.tbd in Frameworks */ = {isa = PBXBuildFile; fileRef = 1B47B3DF1E8CB8A80002927D /* libz.tbd */; };
		1B47B4A61E8D02520002927D /* libstdc++.tbd in Frameworks */ = {isa = PBXBuildFile; fileRef = 1B47B4A51E8D02520002927D /* libstdc++.tbd */; };
/* End PBXBuildFile section */

/* Begin PBXFileReference section */
		1B47B3BA1E8CB5540002927D /* LJLogger.app */ = {isa = PBXFileReference; explicitFileType = wrapper.application; includeInIndex = 0; path = LJLogger.app; sourceTree = BUILT_PRODUCTS_DIR; };
		1B47B3D81E8CB66C0002927D /* LJLogger.mm */ = {isa = PBXFileReference; fileEncoding = 4; lastKnownFileType = sourcecode.cpp.objcpp; path = LJLogger.mm; sourceTree = "<group>"; };
		1B47B3D91E8CB66C0002927D /* LJLogger.h */ = {isa = PBXFileReference; fileEncoding = 4; lastKnownFileType = sourcecode.c.h; path = LJLogger.h; sourceTree = "<group>"; };
		1B47B3DA1E8CB66C0002927D /* LJLog.h */ = {isa = PBXFileReference; fileEncoding = 4; lastKnownFileType = sourcecode.c.h; path = LJLog.h; sourceTree = "<group>"; };
		1B47B3DC1E8CB8840002927D /* Log.framework */ = {isa = PBXFileReference; lastKnownFileType = wrapper.framework; path = Log.framework; sourceTree = "<group>"; };
		1B47B3DF1E8CB8A80002927D /* libz.tbd */ = {isa = PBXFileReference; lastKnownFileType = "sourcecode.text-based-dylib-definition"; name = libz.tbd; path = usr/lib/libz.tbd; sourceTree = SDKROOT; };
		1B47B4A51E8D02520002927D /* libstdc++.tbd */ = {isa = PBXFileReference; lastKnownFileType = "sourcecode.text-based-dylib-definition"; name = "libstdc++.tbd"; path = "usr/lib/libstdc++.tbd"; sourceTree = SDKROOT; };
/* End PBXFileReference section */

/* Begin PBXFrameworksBuildPhase section */
		1B47B3B71E8CB5540002927D /* Frameworks */ = {
			isa = PBXFrameworksBuildPhase;
			buildActionMask = 2147483647;
			files = (
				1B47B4A61E8D02520002927D /* libstdc++.tbd in Frameworks */,
				1B47B3E01E8CB8A80002927D /* libz.tbd in Frameworks */,
				1B47B3DD1E8CB8840002927D /* Log.framework in Frameworks */,
			);
			runOnlyForDeploymentPostprocessing = 0;
		};
/* End PBXFrameworksBuildPhase section */

/* Begin PBXGroup section */
		1B47B3B11E8CB5540002927D = {
			isa = PBXGroup;
			children = (
				1B47B3BC1E8CB5540002927D /* LJLogger */,
				1B47B3BB1E8CB5540002927D /* Products */,
				1B47B3DE1E8CB8A70002927D /* Frameworks */,
			);
			sourceTree = "<group>";
		};
		1B47B3BB1E8CB5540002927D /* Products */ = {
			isa = PBXGroup;
			children = (
				1B47B3BA1E8CB5540002927D /* LJLogger.app */,
			);
			name = Products;
			sourceTree = "<group>";
		};
		1B47B3BC1E8CB5540002927D /* LJLogger */ = {
			isa = PBXGroup;
			children = (
				1B47B3D91E8CB66C0002927D /* LJLogger.h */,
				1B47B3DA1E8CB66C0002927D /* LJLog.h */,
				1B47B3D81E8CB66C0002927D /* LJLogger.mm */,
				1B47B3BD1E8CB5540002927D /* Supporting Files */,
			);
			path = LJLogger;
			sourceTree = "<group>";
		};
		1B47B3BD1E8CB5540002927D /* Supporting Files */ = {
			isa = PBXGroup;
			children = (
				1B47B3DC1E8CB8840002927D /* Log.framework */,
			);
			name = "Supporting Files";
			sourceTree = "<group>";
		};
		1B47B3DE1E8CB8A70002927D /* Frameworks */ = {
			isa = PBXGroup;
			children = (
				1B47B4A51E8D02520002927D /* libstdc++.tbd */,
				1B47B3DF1E8CB8A80002927D /* libz.tbd */,
			);
			name = Frameworks;
			sourceTree = "<group>";
		};
/* End PBXGroup section */

/* Begin PBXNativeTarget section */
		1B47B3B91E8CB5540002927D /* LJLogger */ = {
			isa = PBXNativeTarget;
			buildConfigurationList = 1B47B3D11E8CB5540002927D /* Build configuration list for PBXNativeTarget "LJLogger" */;
			buildPhases = (
				1B47B3B61E8CB5540002927D /* Sources */,
				1B47B3B71E8CB5540002927D /* Frameworks */,
				1B47B3B81E8CB5540002927D /* Resources */,
			);
			buildRules = (
			);
			dependencies = (
			);
			name = LJLogger;
			productName = LJLogger;
			productReference = 1B47B3BA1E8CB5540002927D /* LJLogger.app */;
			productType = "com.apple.product-type.application";
		};
/* End PBXNativeTarget section */

/* Begin PBXProject section */
		1B47B3B21E8CB5540002927D /* Project object */ = {
			isa = PBXProject;
			attributes = {
				LastUpgradeCheck = 0830;
				ORGANIZATIONNAME = lianjia;
				TargetAttributes = {
					1B47B3B91E8CB5540002927D = {
						CreatedOnToolsVersion = 8.3;
						DevelopmentTeam = 2867UNTJFF;
						ProvisioningStyle = Automatic;
					};
				};
			};
			buildConfigurationList = 1B47B3B51E8CB5540002927D /* Build configuration list for PBXProject "LJLogger" */;
			compatibilityVersion = "Xcode 3.2";
			developmentRegion = English;
			hasScannedForEncodings = 0;
			knownRegions = (
				en,
				Base,
			);
			mainGroup = 1B47B3B11E8CB5540002927D;
			productRefGroup = 1B47B3BB1E8CB5540002927D /* Products */;
			projectDirPath = "";
			projectRoot = "";
			targets = (
				1B47B3B91E8CB5540002927D /* LJLogger */,
			);
		};
/* End PBXProject section */

/* Begin PBXResourcesBuildPhase section */
		1B47B3B81E8CB5540002927D /* Resources */ = {
			isa = PBXResourcesBuildPhase;
			buildActionMask = 2147483647;
			files = (
			);
			runOnlyForDeploymentPostprocessing = 0;
		};
/* End PBXResourcesBuildPhase section */

/* Begin PBXSourcesBuildPhase section */
		1B47B3B61E8CB5540002927D /* Sources */ = {
			isa = PBXSourcesBuildPhase;
			buildActionMask = 2147483647;
			files = (
				1B47B3DB1E8CB66C0002927D /* LJLogger.mm in Sources */,
			);
			runOnlyForDeploymentPostprocessing = 0;
		};
/* End PBXSourcesBuildPhase section */

/* Begin XCBuildConfiguration section */
		1B47B3CF1E8CB5540002927D /* Debug */ = {
			isa = XCBuildConfiguration;
			buildSettings = {
				ALWAYS_SEARCH_USER_PATHS = NO;
				CLANG_ANALYZER_NONNULL = YES;
				CLANG_ANALYZER_NUMBER_OBJECT_CONVERSION = YES_AGGRESSIVE;
				CLANG_CXX_LANGUAGE_STANDARD = "gnu++0x";
				CLANG_CXX_LIBRARY = "libc++";
				CLANG_ENABLE_MODULES = YES;
				CLANG_ENABLE_OBJC_ARC = YES;
				CLANG_WARN_BOOL_CONVERSION = YES;
				CLANG_WARN_CONSTANT_CONVERSION = YES;
				CLANG_WARN_DIRECT_OBJC_ISA_USAGE = YES_ERROR;
				CLANG_WARN_DOCUMENTATION_COMMENTS = YES;
				CLANG_WARN_EMPTY_BODY = YES;
				CLANG_WARN_ENUM_CONVERSION = YES;
				CLANG_WARN_INFINITE_RECURSION = YES;
				CLANG_WARN_INT_CONVERSION = YES;
				CLANG_WARN_OBJC_ROOT_CLASS = YES_ERROR;
				CLANG_WARN_SUSPICIOUS_MOVE = YES;
				CLANG_WARN_UNREACHABLE_CODE = YES;
				CLANG_WARN__DUPLICATE_METHOD_MATCH = YES;
				"CODE_SIGN_IDENTITY[sdk=iphoneos*]" = "iPhone Developer";
				COPY_PHASE_STRIP = NO;
				DEBUG_INFORMATION_FORMAT = dwarf;
				ENABLE_STRICT_OBJC_MSGSEND = YES;
				ENABLE_TESTABILITY = YES;
				GCC_C_LANGUAGE_STANDARD = gnu99;
				GCC_DYNAMIC_NO_PIC = NO;
				GCC_NO_COMMON_BLOCKS = YES;
				GCC_OPTIMIZATION_LEVEL = 0;
				GCC_PREPROCESSOR_DEFINITIONS = (
					"DEBUG=1",
					"$(inherited)",
				);
				GCC_WARN_64_TO_32_BIT_CONVERSION = YES;
				GCC_WARN_ABOUT_RETURN_TYPE = YES_ERROR;
				GCC_WARN_UNDECLARED_SELECTOR = YES;
				GCC_WARN_UNINITIALIZED_AUTOS = YES_AGGRESSIVE;
				GCC_WARN_UNUSED_FUNCTION = YES;
				GCC_WARN_UNUSED_VARIABLE = YES;
				IPHONEOS_DEPLOYMENT_TARGET = 10.3;
				MTL_ENABLE_DEBUG_INFO = YES;
				ONLY_ACTIVE_ARCH = YES;
				SDKROOT = iphoneos;
				TARGETED_DEVICE_FAMILY = "1,2";
			};
			name = Debug;
		};
		1B47B3D01E8CB5540002927D /* Release */ = {
			isa = XCBuildConfiguration;
			buildSettings = {
				ALWAYS_SEARCH_USER_PATHS = NO;
				CLANG_ANALYZER_NONNULL = YES;
				CLANG_ANALYZER_NUMBER_OBJECT_CONVERSION = YES_AGGRESSIVE;
				CLANG_CXX_LANGUAGE_STANDARD = "gnu++0x";
				CLANG_CXX_LIBRARY = "libc++";
				CLANG_ENABLE_MODULES = YES;
				CLANG_ENABLE_OBJC_ARC = YES;
				CLANG_WARN_BOOL_CONVERSION = YES;
				CLANG_WARN_CONSTANT_CONVERSION = YES;
				CLANG_WARN_DIRECT_OBJC_ISA_USAGE = YES_ERROR;
				CLANG_WARN_DOCUMENTATION_COMMENTS = YES;
				CLANG_WARN_EMPTY_BODY = YES;
				CLANG_WARN_ENUM_CONVERSION = YES;
				CLANG_WARN_INFINITE_RECURSION = YES;
				CLANG_WARN_INT_CONVERSION = YES;
				CLANG_WARN_OBJC_ROOT_CLASS = YES_ERROR;
				CLANG_WARN_SUSPICIOUS_MOVE = YES;
				CLANG_WARN_UNREACHABLE_CODE = YES;
				CLANG_WARN__DUPLICATE_METHOD_MATCH = YES;
				"CODE_SIGN_IDENTITY[sdk=iphoneos*]" = "iPhone Developer";
				COPY_PHASE_STRIP = NO;
				DEBUG_INFORMATION_FORMAT = "dwarf-with-dsym";
				ENABLE_NS_ASSERTIONS = NO;
				ENABLE_STRICT_OBJC_MSGSEND = YES;
				GCC_C_LANGUAGE_STANDARD = gnu99;
				GCC_NO_COMMON_BLOCKS = YES;
				GCC_WARN_64_TO_32_BIT_CONVERSION = YES;
				GCC_WARN_ABOUT_RETURN_TYPE = YES_ERROR;
				GCC_WARN_UNDECLARED_SELECTOR = YES;
				GCC_WARN_UNINITIALIZED_AUTOS = YES_AGGRESSIVE;
				GCC_WARN_UNUSED_FUNCTION = YES;
				GCC_WARN_UNUSED_VARIABLE = YES;
				IPHONEOS_DEPLOYMENT_TARGET = 10.3;
				MTL_ENABLE_DEBUG_INFO = NO;
				SDKROOT = iphoneos;
				TARGETED_DEVICE_FAMILY = "1,2";
				VALIDATE_PRODUCT = YES;
			};
			name = Release;
		};
		1B47B3D21E8CB5540002927D /* Debug */ = {
			isa = XCBuildConfiguration;
			buildSettings = {
				ASSETCATALOG_COMPILER_APPICON_NAME = AppIcon;
				DEVELOPMENT_TEAM = 2867UNTJFF;
				FRAMEWORK_SEARCH_PATHS = (
					"$(inherited)",
					"$(PROJECT_DIR)/LJLogger",
				);
				HEADER_SEARCH_PATHS = "";
				INFOPLIST_FILE = LJLogger/Info.plist;
				LD_RUNPATH_SEARCH_PATHS = "$(inherited) @executable_path/Frameworks";
				LIBRARY_SEARCH_PATHS = "";
				PRODUCT_BUNDLE_IDENTIFIER = com.lianjia.www.LJLogger;
				PRODUCT_NAME = "$(TARGET_NAME)";
			};
			name = Debug;
		};
		1B47B3D31E8CB5540002927D /* Release */ = {
			isa = XCBuildConfiguration;
			buildSettings = {
				ASSETCATALOG_COMPILER_APPICON_NAME = AppIcon;
				DEVELOPMENT_TEAM = 2867UNTJFF;
				FRAMEWORK_SEARCH_PATHS = (
					"$(inherited)",
					"$(PROJECT_DIR)/LJLogger",
				);
				HEADER_SEARCH_PATHS = "";
				INFOPLIST_FILE = LJLogger/Info.plist;
				LD_RUNPATH_SEARCH_PATHS = "$(inherited) @executable_path/Frameworks";
				LIBRARY_SEARCH_PATHS = "";
				PRODUCT_BUNDLE_IDENTIFIER = com.lianjia.www.LJLogger;
				PRODUCT_NAME = "$(TARGET_NAME)";
			};
			name = Release;
		};
/* End XCBuildConfiguration section */

/* Begin XCConfigurationList section */
		1B47B3B51E8CB5540002927D /* Build configuration list for PBXProject "LJLogger" */ = {
			isa = XCConfigurationList;
			buildConfigurations = (
				1B47B3CF1E8CB5540002927D /* Debug */,
				1B47B3D01E8CB5540002927D /* Release */,
			);
			defaultConfigurationIsVisible = 0;
			defaultConfigurationName = Release;
		};
		1B47B3D11E8CB5540002927D /* Build configuration list for PBXNativeTarget "LJLogger" */ = {
			isa = XCConfigurationList;
			buildConfigurations = (
				1B47B3D21E8CB5540002927D /* Debug */,
				1B47B3D31E8CB5540002927D /* Release */,
			);
			defaultConfigurationIsVisible = 0;
			defaultConfigurationName = Release;
		};
/* End XCConfigurationList section */
	};
	rootObject = 1B47B3B21E8CB5540002927D /* Project object */;
}
